
Microsoft Visual Studio Solution File, Format Version 12.00
# Visual Studio Version 16
VisualStudioVersion = 16.0.31729.503
MinimumVisualStudioVersion = 10.0.40219.1
Project("{FAE04EC0-301F-11D3-BF4B-00C04F79EFBC}") = "Test1", "Test1\Test1.csproj", "{ECB657E4-9FC6-440E-A9FB-EC7BC9CC5262}"
EndProject
Global
	GlobalSection(SolutionConfigurationPlatforms) = preSolution
		Debug|Any CPU = Debug|Any CPU
		Release|Any CPU = Release|Any CPU
	EndGlobalSection
	GlobalSection(ProjectConfigurationPlatforms) = postSolution
		{ECB657E4-9FC6-440E-A9FB-EC7BC9CC5262}.Debug|Any CPU.ActiveCfg = Debug|Any CPU
		{ECB657E4-9FC6-440E-A9FB-EC7BC9CC5262}.Debug|Any CPU.Build.0 = Debug|Any CPU
		{ECB657E4-9FC6-440E-A9FB-EC7BC9CC5262}.Release|Any CPU.ActiveCfg = Release|Any CPU
		{ECB657E4-9FC6-440E-A9FB-EC7BC9CC5262}.Release|Any CPU.Build.0 = Release|Any CPU
	EndGlobalSection
	GlobalSection(SolutionProperties) = preSolution
		HideSolutionNode = FALSE
	EndGlobalSection
	GlobalSection(ExtensibilityGlobals) = postSolution
		SolutionGuid = {45D50BE5-8BA1-402A-9BB5-B859FEB59DB8}
	EndGlobalSection
EndGlobal
